
Microsoft Visual Studio Solution File, Format Version 12.00
# Visual Studio Version 17
VisualStudioVersion = 17.6.33815.320
MinimumVisualStudioVersion = 10.0.40219.1
Project("{8BC9CEB8-8B4A-11D0-8D11-00A0C91BC942}") = "xml_parser", "xml_parser.vcxproj", "{D8533C1B-B530-4E5D-8905-CE2F822E6895}"
EndProject
Global
	GlobalSection(SolutionConfigurationPlatforms) = preSolution
		Debug|x64 = Debug|x64
		Debug|x86 = Debug|x86
		Release|x64 = Release|x64
		Release|x86 = Release|x86
	EndGlobalSection
	GlobalSection(ProjectConfigurationPlatforms) = postSolution
		{D8533C1B-B530-4E5D-8905-CE2F822E6895}.Debug|x64.ActiveCfg = Debug|x64
		{D8533C1B-B530-4E5D-8905-CE2F822E6895}.Debug|x64.Build.0 = Debug|x64
		{D8533C1B-B530-4E5D-8905-CE2F822E6895}.Debug|x86.ActiveCfg = Debug|Win32
		{D8533C1B-B530-4E5D-8905-CE2F822E6895}.Debug|x86.Build.0 = Debug|Win32
		{D8533C1B-B530-4E5D-8905-CE2F822E6895}.Release|x64.ActiveCfg = Release|x64
		{D8533C1B-B530-4E5D-8905-CE2F822E6895}.Release|x64.Build.0 = Release|x64
		{D8533C1B-B530-4E5D-8905-CE2F822E6895}.Release|x86.ActiveCfg = Release|Win32
		{D8533C1B-B530-4E5D-8905-CE2F822E6895}.Release|x86.Build.0 = Release|Win32
	EndGlobalSection
	GlobalSection(SolutionProperties) = preSolution
		HideSolutionNode = FALSE
	EndGlobalSection
	GlobalSection(ExtensibilityGlobals) = postSolution
		SolutionGuid = {9D859694-4FBB-4EA0-9BF3-899AC17B5FBC}
	EndGlobalSection
EndGlobal
